
Microsoft Visual Studio Solution File, Format Version 12.00
# Visual Studio Version 16
VisualStudioVersion = 16.0.31105.61
MinimumVisualStudioVersion = 10.0.40219.1
Project("{9A19103F-16F7-4668-BE54-9A1E7A4F7556}") = "CloudFileExplorer", "CloudFileExplorer\CloudFileExplorer.csproj", "{381A290E-D7D3-40FA-AE96-9B4C5FB5735B}"
EndProject
Project("{9A19103F-16F7-4668-BE54-9A1E7A4F7556}") = "OnceMi.AspNetCore.OSS", "OnceMi.AspNetCore.OSS\OnceMi.AspNetCore.OSS.csproj", "{D0A1268F-5B85-4D1B-A54D-F003FC57B5EE}"
EndProject
Global
	GlobalSection(SolutionConfigurationPlatforms) = preSolution
		Debug|Any CPU = Debug|Any CPU
		Release|Any CPU = Release|Any CPU
	EndGlobalSection
	GlobalSection(ProjectConfigurationPlatforms) = postSolution
		{381A290E-D7D3-40FA-AE96-9B4C5FB5735B}.Debug|Any CPU.ActiveCfg = Debug|Any CPU
		{381A290E-D7D3-40FA-AE96-9B4C5FB5735B}.Debug|Any CPU.Build.0 = Debug|Any CPU
		{381A290E-D7D3-40FA-AE96-9B4C5FB5735B}.Release|Any CPU.ActiveCfg = Release|Any CPU
		{381A290E-D7D3-40FA-AE96-9B4C5FB5735B}.Release|Any CPU.Build.0 = Release|Any CPU
		{D0A1268F-5B85-4D1B-A54D-F003FC57B5EE}.Debug|Any CPU.ActiveCfg = Debug|Any CPU
		{D0A1268F-5B85-4D1B-A54D-F003FC57B5EE}.Debug|Any CPU.Build.0 = Debug|Any CPU
		{D0A1268F-5B85-4D1B-A54D-F003FC57B5EE}.Release|Any CPU.ActiveCfg = Release|Any CPU
		{D0A1268F-5B85-4D1B-A54D-F003FC57B5EE}.Release|Any CPU.Build.0 = Release|Any CPU
	EndGlobalSection
	GlobalSection(SolutionProperties) = preSolution
		HideSolutionNode = FALSE
	EndGlobalSection
	GlobalSection(ExtensibilityGlobals) = postSolution
		SolutionGuid = {F181CB17-4385-4E76-A9D9-857AB62CCD85}
	EndGlobalSection
EndGlobal
